{
  "nodes": {
    "elisp-helpers": {
      "inputs": {
        "fromElisp": "fromElisp"
      },
      "locked": {
        "lastModified": 1763784882,
        "narHash": "sha256-ZaGDaT7hKNFh/RwT0YZqWL9AzFjRgpUPGGYbVVHJ4PM=",
        "owner": "emacs-twist",
        "repo": "elisp-helpers",
        "rev": "6126c7bb179b13442c86e6f5ee9ff7b0c4837e53",
        "type": "github"
      },
      "original": {
        "owner": "emacs-twist",
        "repo": "elisp-helpers",
        "type": "github"
      }
    },
    "emacs-config": {
      "inputs": {
        "emacs-overlay": "emacs-overlay",
        "flake-parts": [
          "flake-parts"
        ],
        "melpa": "melpa",
        "nixpkgs": [
          "nixpkgs"
        ],
        "org-babel": "org-babel",
        "twist": "twist"
      },
      "locked": {
        "lastModified": 1770733659,
        "narHash": "sha256-PY4KbeMu/JTC8EVNYT6eKAgjPpplRm8Jo4zgsm0Fdhs=",
        "owner": "terlar",
        "repo": "emacs-config",
        "rev": "be53919e32cdb6be7995b7532abc7aca8d1db984",
        "type": "github"
      },
      "original": {
        "owner": "terlar",
        "repo": "emacs-config",
        "type": "github"
      }
    },
    "emacs-overlay": {
      "inputs": {
        "nixpkgs": [
          "emacs-config",
          "nixpkgs"
        ],
        "nixpkgs-stable": [
          "emacs-config",
          "nixpkgs"
        ]
      },
      "locked": {
        "lastModified": 1770572136,
        "narHash": "sha256-Wd3UOebU9KWMCbynRSG1Igf94eQ+RlFpKYFMNCpOuVw=",
        "owner": "nix-community",
        "repo": "emacs-overlay",
        "rev": "67691b5ce5e15a32cf3733c42b44ce067a0a8c72",
        "type": "github"
      },
      "original": {
        "owner": "nix-community",
        "repo": "emacs-overlay",
        "type": "github"
      }
    },
    "flake-parts": {
      "inputs": {
        "nixpkgs-lib": "nixpkgs-lib"
      },
      "locked": {
        "lastModified": 1769996383,
        "narHash": "sha256-AnYjnFWgS49RlqX7LrC4uA+sCCDBj0Ry/WOJ5XWAsa0=",
        "owner": "hercules-ci",
        "repo": "flake-parts",
        "rev": "57928607ea566b5db3ad13af0e57e921e6b12381",
        "type": "github"
      },
      "original": {
        "id": "flake-parts",
        "type": "indirect"
      }
    },
    "fromElisp": {
      "flake": false,
      "locked": {
        "lastModified": 1723987997,
        "narHash": "sha256-OhaVgTG6zjLByzl+uPTvtCld3p2uqgbCXmOl/s3LVRo=",
        "owner": "talyz",
        "repo": "fromElisp",
        "rev": "f071a0e262c02c0895b575c4e322b7fd90713543",
        "type": "github"
      },
      "original": {
        "owner": "talyz",
        "repo": "fromElisp",
        "type": "github"
      }
    },
    "home-manager": {
      "inputs": {
        "nixpkgs": [
          "nixpkgs"
        ]
      },
      "locked": {
        "lastModified": 1770654520,
        "narHash": "sha256-mg5WZMIPGsFu9MxSrUcuJUPMbfMsF77el5yb/7rc10k=",
        "owner": "nix-community",
        "repo": "home-manager",
        "rev": "6c4fdbe1ad198fac36c320fd45c5957324a80b8e",
        "type": "github"
      },
      "original": {
        "id": "home-manager",
        "type": "indirect"
      }
    },
    "melpa": {
      "flake": false,
      "locked": {
        "lastModified": 1770574307,
        "narHash": "sha256-RqLUKGqCYiMJBsyB4aVhD6h90WXFTj3/KG6ovwKCzRA=",
        "owner": "melpa",
        "repo": "melpa",
        "rev": "4a6f5322cf92cf6e99e741bc07d807113af1025c",
        "type": "github"
      },
      "original": {
        "owner": "melpa",
        "repo": "melpa",
        "type": "github"
      }
    },
    "nix-index-database": {
      "inputs": {
        "nixpkgs": [
          "nixpkgs"
        ]
      },
      "locked": {
        "lastModified": 1770315571,
        "narHash": "sha256-hy0gcAgAcxrnSWKGuNO+Ob0x6jQ2xkR6hoaR0qJBHYs=",
        "owner": "nix-community",
        "repo": "nix-index-database",
        "rev": "2684bb8080a6f2ca5f9d494de5ef875bc1c4ecdb",
        "type": "github"
      },
      "original": {
        "owner": "nix-community",
        "repo": "nix-index-database",
        "type": "github"
      }
    },
    "nixos-hardware": {
      "locked": {
        "lastModified": 1770631810,
        "narHash": "sha256-b7iK/x+zOXbjhRqa+XBlYla4zFvPZyU5Ln2HJkiSnzc=",
        "owner": "NixOS",
        "repo": "nixos-hardware",
        "rev": "2889685785848de940375bf7fea5e7c5a3c8d502",
        "type": "github"
      },
      "original": {
        "id": "nixos-hardware",
        "type": "indirect"
      }
    },
    "nixpkgs": {
      "locked": {
        "lastModified": 1770720068,
        "narHash": "sha256-S8s8l0CfMYsFMNS0hXZaQV9sOTkUB6qdXdTSEs2aTT8=",
        "owner": "NixOS",
        "repo": "nixpkgs",
        "rev": "8ee95bcb238069810a968efbf2bba8e4d6ff11a6",
        "type": "github"
      },
      "original": {
        "owner": "NixOS",
        "ref": "nixos-unstable-small",
        "repo": "nixpkgs",
        "type": "github"
      }
    },
    "nixpkgs-lib": {
      "locked": {
        "lastModified": 1769909678,
        "narHash": "sha256-cBEymOf4/o3FD5AZnzC3J9hLbiZ+QDT/KDuyHXVJOpM=",
        "owner": "nix-community",
        "repo": "nixpkgs.lib",
        "rev": "72716169fe93074c333e8d0173151350670b824c",
        "type": "github"
      },
      "original": {
        "owner": "nix-community",
        "repo": "nixpkgs.lib",
        "type": "github"
      }
    },
    "org-babel": {
      "locked": {
        "lastModified": 1731256202,
        "narHash": "sha256-xtV0vIUhl3ZUzaUIHSaiWpybxyCgQ9Yp/MUGo3f5zvM=",
        "owner": "emacs-twist",
        "repo": "org-babel",
        "rev": "a5d16c54aca35c07af59d216cda598163512db42",
        "type": "github"
      },
      "original": {
        "owner": "emacs-twist",
        "repo": "org-babel",
        "type": "github"
      }
    },
    "root": {
      "inputs": {
        "emacs-config": "emacs-config",
        "flake-parts": "flake-parts",
        "home-manager": "home-manager",
        "nix-index-database": "nix-index-database",
        "nixos-hardware": "nixos-hardware",
        "nixpkgs": "nixpkgs"
      }
    },
    "twist": {
      "inputs": {
        "elisp-helpers": "elisp-helpers"
      },
      "locked": {
        "lastModified": 1767245636,
        "narHash": "sha256-JIHRt5IOrQTYvb2FCXAs3iu2rDW+dY8XQpfePJgNK9Y=",
        "owner": "emacs-twist",
        "repo": "twist.nix",
        "rev": "975398b1abfb970b07c01dc6035fd2554370ef45",
        "type": "github"
      },
      "original": {
        "owner": "emacs-twist",
        "repo": "twist.nix",
        "type": "github"
      }
    }
  },
  "root": "root",
  "version": 7
}
