{
  "nodes": {
    "dotfiles": {
      "flake": false,
      "locked": {
        "lastModified": 1598861604,
        "narHash": "sha256-uBwf/GwSwFnt8qxZeaFwCjofA5MBKyPudHEek/3wf78=",
        "owner": "terlar",
        "repo": "dotfiles",
        "rev": "221ec752b36092a663e600f927ef48f7731ba7ac",
        "type": "github"
      },
      "original": {
        "owner": "terlar",
        "repo": "dotfiles",
        "type": "github"
      }
    },
    "emacs-config": {
      "inputs": {
        "emacs-overlay": "emacs-overlay",
        "home-manager": [
          "home-manager"
        ],
        "nixpkgs": [
          "nixpkgs"
        ],
        "utils": "utils"
      },
      "locked": {
        "lastModified": 1600381437,
        "narHash": "sha256-i27zr9WA+wVgZvQGnB61vJ3quAyCYyAflEnIg8KJLOA=",
        "owner": "terlar",
        "repo": "emacs-config",
        "rev": "3fee437e5990cc38041720af7385312b580b76c8",
        "type": "github"
      },
      "original": {
        "owner": "terlar",
        "repo": "emacs-config",
        "type": "github"
      }
    },
    "emacs-overlay": {
      "locked": {
        "lastModified": 1600374555,
        "narHash": "sha256-YNHLnX6LvCdb0HdtWTPEObte1RV9Cf8MMzzDt7wDFzI=",
        "owner": "nix-community",
        "repo": "emacs-overlay",
        "rev": "3e469541a3a37bb2833b9d4d37451d1f7dcbb64a",
        "type": "github"
      },
      "original": {
        "owner": "nix-community",
        "repo": "emacs-overlay",
        "type": "github"
      }
    },
    "hardware": {
      "flake": false,
      "locked": {
        "lastModified": 1600019032,
        "narHash": "sha256-o/PxAWx2O85NyQRDuhZ5QbAACA5yyglmA7hN9GSI27g=",
        "owner": "NixOS",
        "repo": "nixos-hardware",
        "rev": "684eaddf74109b2bedb8b585a25714eb9ea5c54e",
        "type": "github"
      },
      "original": {
        "owner": "NixOS",
        "repo": "nixos-hardware",
        "type": "github"
      }
    },
    "home-manager": {
      "inputs": {
        "nixpkgs": [
          "nixpkgs"
        ]
      },
      "locked": {
        "lastModified": 1600023128,
        "narHash": "sha256-oSkMOe0rQ90bC5pfNSl85ren05cmk9Z9xrzrf5rVbr0=",
        "owner": "nix-community",
        "repo": "home-manager",
        "rev": "472ca211cac604efdf621337067a237be9df389e",
        "type": "github"
      },
      "original": {
        "owner": "nix-community",
        "repo": "home-manager",
        "type": "github"
      }
    },
    "menu": {
      "inputs": {
        "nixpkgs": [
          "nixpkgs"
        ],
        "utils": "utils_2"
      },
      "locked": {
        "lastModified": 1592933243,
        "narHash": "sha256-kGe0oqoY/ftQ3ZfEzdDkr/AC859Leux6vV0Hl5nrfjE=",
        "owner": "terlar",
        "repo": "menu",
        "rev": "b42e50848ac666eae483e40291f4f17f1400cc15",
        "type": "github"
      },
      "original": {
        "owner": "terlar",
        "repo": "menu",
        "type": "github"
      }
    },
    "nix-tree": {
      "flake": false,
      "locked": {
        "lastModified": 1600122891,
        "narHash": "sha256-biViQH44mvw+xTN8iNS+PtePMEd0anuHa+F3DYFlqKI=",
        "owner": "utdemir",
        "repo": "nix-tree",
        "rev": "c8d23e5a5f187bf1d66e93dbdf9cb3d8aa3e9c06",
        "type": "github"
      },
      "original": {
        "owner": "utdemir",
        "repo": "nix-tree",
        "type": "github"
      }
    },
    "nixpkgs": {
      "locked": {
        "lastModified": 1600135862,
        "narHash": "sha256-eHhiPQK2FY8Vr+AWpQuNjcId/sfrB+IVJJyuY3tuIwE=",
        "owner": "NixOS",
        "repo": "nixpkgs",
        "rev": "441a7da8080352881bb52f85e910d8855e83fc55",
        "type": "github"
      },
      "original": {
        "owner": "NixOS",
        "ref": "nixos-unstable",
        "repo": "nixpkgs",
        "type": "github"
      }
    },
    "root": {
      "inputs": {
        "dotfiles": "dotfiles",
        "emacs-config": "emacs-config",
        "hardware": "hardware",
        "home-manager": "home-manager",
        "menu": "menu",
        "nix-tree": "nix-tree",
        "nixpkgs": "nixpkgs",
        "vsliveshare": "vsliveshare"
      }
    },
    "utils": {
      "locked": {
        "lastModified": 1600209923,
        "narHash": "sha256-zoOWauTliFEjI++esk6Jzk7QO5EKpddWXQm9yQK24iM=",
        "owner": "numtide",
        "repo": "flake-utils",
        "rev": "3cd06d3c1df6879c9e41cb2c33113df10566c760",
        "type": "github"
      },
      "original": {
        "owner": "numtide",
        "repo": "flake-utils",
        "type": "github"
      }
    },
    "utils_2": {
      "locked": {
        "lastModified": 1590791977,
        "narHash": "sha256-l26u9vRsdV9jkoBGlzFxTKLKtrZ38xCMZIG9h9ibFjQ=",
        "owner": "numtide",
        "repo": "flake-utils",
        "rev": "4fbce19a7a9647154a35f0e856d52171c41e14a4",
        "type": "github"
      },
      "original": {
        "owner": "numtide",
        "repo": "flake-utils",
        "type": "github"
      }
    },
    "vsliveshare": {
      "flake": false,
      "locked": {
        "lastModified": 1585828976,
        "narHash": "sha256-/c7CJ2TDwgsKEidwxgIOqyTx1YcPgYRqzS1AV6a4b2c=",
        "owner": "msteen",
        "repo": "nixos-vsliveshare",
        "rev": "a54bfc74c5e7ae056f61abdb970c6cd6e8fb5e53",
        "type": "github"
      },
      "original": {
        "owner": "msteen",
        "repo": "nixos-vsliveshare",
        "type": "github"
      }
    }
  },
  "root": "root",
  "version": 7
}
