{
  "nodes": {
    "dotfiles": {
      "flake": false,
      "locked": {
        "lastModified": 1596653540,
        "narHash": "sha256-4I1O4QTv7ir28TNKHlDCvlTZCNPvbKhE2Kfkcvexlf4=",
        "owner": "terlar",
        "repo": "dotfiles",
        "rev": "4c074a5dd61ad5dc397b04b12c521612aa00c68e",
        "type": "github"
      },
      "original": {
        "owner": "terlar",
        "repo": "dotfiles",
        "type": "github"
      }
    },
    "emacs-config": {
      "inputs": {
        "emacs-overlay": "emacs-overlay",
        "home-manager": [
          "home-manager"
        ],
        "nixpkgs": [
          "nixpkgs"
        ],
        "utils": "utils"
      },
      "locked": {
        "lastModified": 1596974933,
        "narHash": "sha256-g2qWsxIOTbXESSJaAZLd5fkwMnkCZs3pSudovYdPy30=",
        "owner": "terlar",
        "repo": "emacs-config",
        "rev": "c70096dc03d1220569bd851799a53dc3cde9e7bb",
        "type": "github"
      },
      "original": {
        "owner": "terlar",
        "repo": "emacs-config",
        "type": "github"
      }
    },
    "emacs-overlay": {
      "locked": {
        "lastModified": 1596890677,
        "narHash": "sha256-QGWOqn9wBbGLMRVjkF0gFEJR8u9acLHuyFyfIh9myJI=",
        "owner": "nix-community",
        "repo": "emacs-overlay",
        "rev": "082595224e09003d4ca91d3150a678264967f159",
        "type": "github"
      },
      "original": {
        "owner": "nix-community",
        "repo": "emacs-overlay",
        "type": "github"
      }
    },
    "hardware": {
      "flake": false,
      "locked": {
        "lastModified": 1596084429,
        "narHash": "sha256-85+R3qHPz/UiTD5mWJ21qgiKGRZ5GNJbS9mYtaE8EQg=",
        "owner": "NixOS",
        "repo": "nixos-hardware",
        "rev": "55f9eb6a73b2f932a9958810c5927feca02ce208",
        "type": "github"
      },
      "original": {
        "owner": "NixOS",
        "repo": "nixos-hardware",
        "type": "github"
      }
    },
    "home-manager": {
      "inputs": {
        "nixpkgs": [
          "nixpkgs"
        ]
      },
      "locked": {
        "lastModified": 1591751635,
        "narHash": "sha256-KgGtyFlkI/fsp+j8VEgJ/ynY9B91aX35Xp04HlDLRTo=",
        "owner": "rycee",
        "repo": "home-manager",
        "rev": "b3fee796fcd5531693d9b84ece76ad6836bb1cfa",
        "type": "github"
      },
      "original": {
        "owner": "rycee",
        "ref": "bqv-flakes",
        "repo": "home-manager",
        "type": "github"
      }
    },
    "menu": {
      "inputs": {
        "nixpkgs": [
          "nixpkgs"
        ],
        "utils": "utils_2"
      },
      "locked": {
        "lastModified": 1592933243,
        "narHash": "sha256-kGe0oqoY/ftQ3ZfEzdDkr/AC859Leux6vV0Hl5nrfjE=",
        "owner": "terlar",
        "repo": "menu",
        "rev": "b42e50848ac666eae483e40291f4f17f1400cc15",
        "type": "github"
      },
      "original": {
        "owner": "terlar",
        "repo": "menu",
        "type": "github"
      }
    },
    "nix-tree": {
      "flake": false,
      "locked": {
        "lastModified": 1595984479,
        "narHash": "sha256-k9D9bSfAS/k9TVs+n9qgFLAxnJWDKR+82OENlyR5sNw=",
        "owner": "utdemir",
        "repo": "nix-tree",
        "rev": "7830fad9969dae119c637f7fe0cc82f8768f317e",
        "type": "github"
      },
      "original": {
        "owner": "utdemir",
        "repo": "nix-tree",
        "type": "github"
      }
    },
    "nixpkgs": {
      "locked": {
        "lastModified": 1596615455,
        "narHash": "sha256-qOp3QRL7dUbN+Kus7tReThC5ZuIqG9fy7/nkqlO78n8=",
        "owner": "NixOS",
        "repo": "nixpkgs",
        "rev": "8e2b14aceb1d40c7e8b84c03a7c78955359872bb",
        "type": "github"
      },
      "original": {
        "owner": "NixOS",
        "ref": "nixos-unstable",
        "repo": "nixpkgs",
        "type": "github"
      }
    },
    "root": {
      "inputs": {
        "dotfiles": "dotfiles",
        "emacs-config": "emacs-config",
        "hardware": "hardware",
        "home-manager": "home-manager",
        "menu": "menu",
        "nix-tree": "nix-tree",
        "nixpkgs": "nixpkgs",
        "vsliveshare": "vsliveshare"
      }
    },
    "utils": {
      "locked": {
        "lastModified": 1596290160,
        "narHash": "sha256-QNXPeCiLKfLH6G6TtyuxZ14Zm+ZMxBaQ0Klccq+2RfM=",
        "owner": "numtide",
        "repo": "flake-utils",
        "rev": "0c686c77c4ac6f7add3262107685693ada8ae3b0",
        "type": "github"
      },
      "original": {
        "owner": "numtide",
        "repo": "flake-utils",
        "type": "github"
      }
    },
    "utils_2": {
      "locked": {
        "lastModified": 1590791977,
        "narHash": "sha256-l26u9vRsdV9jkoBGlzFxTKLKtrZ38xCMZIG9h9ibFjQ=",
        "owner": "numtide",
        "repo": "flake-utils",
        "rev": "4fbce19a7a9647154a35f0e856d52171c41e14a4",
        "type": "github"
      },
      "original": {
        "owner": "numtide",
        "repo": "flake-utils",
        "type": "github"
      }
    },
    "vsliveshare": {
      "flake": false,
      "locked": {
        "lastModified": 1585828976,
        "narHash": "sha256-/c7CJ2TDwgsKEidwxgIOqyTx1YcPgYRqzS1AV6a4b2c=",
        "owner": "msteen",
        "repo": "nixos-vsliveshare",
        "rev": "a54bfc74c5e7ae056f61abdb970c6cd6e8fb5e53",
        "type": "github"
      },
      "original": {
        "owner": "msteen",
        "repo": "nixos-vsliveshare",
        "type": "github"
      }
    }
  },
  "root": "root",
  "version": 7
}
