{
  "nodes": {
    "call-flake": {
      "locked": {
        "lastModified": 1688263359,
        "narHash": "sha256-bmhE1TmrJG4ba93l9WQTLuYM53kwGQAjYHRvHOeuxWU=",
        "owner": "divnix",
        "repo": "call-flake",
        "rev": "8e783986aab93804336a9fbbb375ffbd962dab9a",
        "type": "github"
      },
      "original": {
        "owner": "divnix",
        "repo": "call-flake",
        "type": "github"
      }
    },
    "dev-flake": {
      "inputs": {
        "call-flake": "call-flake",
        "devshell": "devshell",
        "flake-parts": "flake-parts",
        "nixpkgs": [
          "nixpkgs"
        ],
        "pre-commit-hooks": "pre-commit-hooks",
        "treefmt": "treefmt"
      },
      "locked": {
        "lastModified": 1689238450,
        "narHash": "sha256-e52GzdA6LQC4H4FhoPxLI+viub4/DYZIHofPk8Cs6yY=",
        "owner": "terlar",
        "repo": "dev-flake",
        "rev": "ee17cdfea507868a64cd06e969cd6a639a1086ba",
        "type": "github"
      },
      "original": {
        "owner": "terlar",
        "repo": "dev-flake",
        "type": "github"
      }
    },
    "devshell": {
      "inputs": {
        "nixpkgs": [
          "dev-flake",
          "nixpkgs"
        ],
        "systems": "systems"
      },
      "locked": {
        "lastModified": 1688380630,
        "narHash": "sha256-8ilApWVb1mAi4439zS3iFeIT0ODlbrifm/fegWwgHjA=",
        "owner": "numtide",
        "repo": "devshell",
        "rev": "f9238ec3d75cefbb2b42a44948c4e8fb1ae9a205",
        "type": "github"
      },
      "original": {
        "owner": "numtide",
        "repo": "devshell",
        "type": "github"
      }
    },
    "flake-compat": {
      "flake": false,
      "locked": {
        "lastModified": 1673956053,
        "narHash": "sha256-4gtG9iQuiKITOjNQQeQIpoIB6b16fm+504Ch3sNKLd8=",
        "owner": "edolstra",
        "repo": "flake-compat",
        "rev": "35bb57c0c8d8b62bbfd284272c928ceb64ddbde9",
        "type": "github"
      },
      "original": {
        "owner": "edolstra",
        "repo": "flake-compat",
        "type": "github"
      }
    },
    "flake-compat_2": {
      "flake": false,
      "locked": {
        "lastModified": 1673956053,
        "narHash": "sha256-4gtG9iQuiKITOjNQQeQIpoIB6b16fm+504Ch3sNKLd8=",
        "owner": "edolstra",
        "repo": "flake-compat",
        "rev": "35bb57c0c8d8b62bbfd284272c928ceb64ddbde9",
        "type": "github"
      },
      "original": {
        "owner": "edolstra",
        "repo": "flake-compat",
        "type": "github"
      }
    },
    "flake-parts": {
      "inputs": {
        "nixpkgs-lib": [
          "dev-flake",
          "nixpkgs"
        ]
      },
      "locked": {
        "lastModified": 1688466019,
        "narHash": "sha256-VeM2akYrBYMsb4W/MmBo1zmaMfgbL4cH3Pu8PGyIwJ0=",
        "owner": "hercules-ci",
        "repo": "flake-parts",
        "rev": "8e8d955c22df93dbe24f19ea04f47a74adbdc5ec",
        "type": "github"
      },
      "original": {
        "owner": "hercules-ci",
        "repo": "flake-parts",
        "type": "github"
      }
    },
    "flake-parts_2": {
      "inputs": {
        "nixpkgs-lib": [
          "nixpkgs"
        ]
      },
      "locked": {
        "lastModified": 1688466019,
        "narHash": "sha256-VeM2akYrBYMsb4W/MmBo1zmaMfgbL4cH3Pu8PGyIwJ0=",
        "owner": "hercules-ci",
        "repo": "flake-parts",
        "rev": "8e8d955c22df93dbe24f19ea04f47a74adbdc5ec",
        "type": "github"
      },
      "original": {
        "owner": "hercules-ci",
        "repo": "flake-parts",
        "type": "github"
      }
    },
    "flake-utils": {
      "inputs": {
        "systems": "systems_2"
      },
      "locked": {
        "lastModified": 1685518550,
        "narHash": "sha256-o2d0KcvaXzTrPRIo0kOLV0/QXHhDQ5DTi+OxcjO8xqY=",
        "owner": "numtide",
        "repo": "flake-utils",
        "rev": "a1720a10a6cfe8234c0e93907ffe81be440f4cef",
        "type": "github"
      },
      "original": {
        "owner": "numtide",
        "repo": "flake-utils",
        "type": "github"
      }
    },
    "gitignore": {
      "inputs": {
        "nixpkgs": [
          "dev-flake",
          "pre-commit-hooks",
          "nixpkgs"
        ]
      },
      "locked": {
        "lastModified": 1660459072,
        "narHash": "sha256-8DFJjXG8zqoONA1vXtgeKXy68KdJL5UaXR8NtVMUbx8=",
        "owner": "hercules-ci",
        "repo": "gitignore.nix",
        "rev": "a20de23b925fd8264fd7fad6454652e142fd7f73",
        "type": "github"
      },
      "original": {
        "owner": "hercules-ci",
        "repo": "gitignore.nix",
        "type": "github"
      }
    },
    "nixpkgs": {
      "locked": {
        "lastModified": 1689444953,
        "narHash": "sha256-0o56bfb2LC38wrinPdCGLDScd77LVcr7CrH1zK7qvDg=",
        "owner": "nixos",
        "repo": "nixpkgs",
        "rev": "8acef304efe70152463a6399f73e636bcc363813",
        "type": "github"
      },
      "original": {
        "owner": "nixos",
        "ref": "nixos-unstable",
        "repo": "nixpkgs",
        "type": "github"
      }
    },
    "pre-commit-hooks": {
      "inputs": {
        "flake-compat": "flake-compat",
        "flake-utils": "flake-utils",
        "gitignore": "gitignore",
        "nixpkgs": [
          "dev-flake",
          "nixpkgs"
        ],
        "nixpkgs-stable": [
          "dev-flake",
          "nixpkgs"
        ]
      },
      "locked": {
        "lastModified": 1688596063,
        "narHash": "sha256-9t7RxBiKWHygsqXtiNATTJt4lim/oSYZV3RG8OjDDng=",
        "owner": "cachix",
        "repo": "pre-commit-hooks.nix",
        "rev": "c8d18ba345730019c3faf412c96a045ade171895",
        "type": "github"
      },
      "original": {
        "owner": "cachix",
        "repo": "pre-commit-hooks.nix",
        "type": "github"
      }
    },
    "root": {
      "inputs": {
        "dev-flake": "dev-flake",
        "flake-compat": "flake-compat_2",
        "flake-parts": "flake-parts_2",
        "nixpkgs": "nixpkgs"
      }
    },
    "systems": {
      "locked": {
        "lastModified": 1681028828,
        "narHash": "sha256-Vy1rq5AaRuLzOxct8nz4T6wlgyUR7zLU309k9mBC768=",
        "owner": "nix-systems",
        "repo": "default",
        "rev": "da67096a3b9bf56a91d16901293e51ba5b49a27e",
        "type": "github"
      },
      "original": {
        "owner": "nix-systems",
        "repo": "default",
        "type": "github"
      }
    },
    "systems_2": {
      "locked": {
        "lastModified": 1681028828,
        "narHash": "sha256-Vy1rq5AaRuLzOxct8nz4T6wlgyUR7zLU309k9mBC768=",
        "owner": "nix-systems",
        "repo": "default",
        "rev": "da67096a3b9bf56a91d16901293e51ba5b49a27e",
        "type": "github"
      },
      "original": {
        "owner": "nix-systems",
        "repo": "default",
        "type": "github"
      }
    },
    "treefmt": {
      "inputs": {
        "nixpkgs": [
          "dev-flake",
          "nixpkgs"
        ]
      },
      "locked": {
        "lastModified": 1688026376,
        "narHash": "sha256-qJmkr9BWDpqblk4E9/rCsAEl39y2n4Ycw6KRopvpUcY=",
        "owner": "numtide",
        "repo": "treefmt-nix",
        "rev": "df3f32b0cc253dfc7009b7317e8f0e7ccd70b1cf",
        "type": "github"
      },
      "original": {
        "owner": "numtide",
        "repo": "treefmt-nix",
        "type": "github"
      }
    }
  },
  "root": "root",
  "version": 7
}
